// !$*UTF8*$!
{
	archiveVersion = 1;
	classes = {
	};
	objectVersion = 55;
	objects = {

/* Begin PBXBuildFile section */
		138FEB69958CCEB26FD74F65 /* Pods_coctailbar.framework in Frameworks */ = {isa = PBXBuildFile; fileRef = FCD7D4D27BB5621E42A409A5 /* Pods_coctailbar.framework */; };
		C2274EA0288573C800C6A7C0 /* AppDelegate.swift in Sources */ = {isa = PBXBuildFile; fileRef = C2274E9F288573C800C6A7C0 /* AppDelegate.swift */; };
		C2274EA2288573C800C6A7C0 /* SceneDelegate.swift in Sources */ = {isa = PBXBuildFile; fileRef = C2274EA1288573C800C6A7C0 /* SceneDelegate.swift */; };
		C2274EA4288573C800C6A7C0 /* SearchDrinkViewController.swift in Sources */ = {isa = PBXBuildFile; fileRef = C2274EA3288573C800C6A7C0 /* SearchDrinkViewController.swift */; };
		C2274EA7288573C800C6A7C0 /* Main.storyboard in Resources */ = {isa = PBXBuildFile; fileRef = C2274EA5288573C800C6A7C0 /* Main.storyboard */; };
		C2274EA9288573CA00C6A7C0 /* Assets.xcassets in Resources */ = {isa = PBXBuildFile; fileRef = C2274EA8288573CA00C6A7C0 /* Assets.xcassets */; };
		C2274EAC288573CA00C6A7C0 /* LaunchScreen.storyboard in Resources */ = {isa = PBXBuildFile; fileRef = C2274EAA288573CA00C6A7C0 /* LaunchScreen.storyboard */; };
		C243C4282886B50700318331 /* DrinkResponse.swift in Sources */ = {isa = PBXBuildFile; fileRef = C243C4272886B50700318331 /* DrinkResponse.swift */; };
		C243C4302886D1D400318331 /* UIViewExtensions.swift in Sources */ = {isa = PBXBuildFile; fileRef = C243C42F2886D1D400318331 /* UIViewExtensions.swift */; };
		C243C4322886D25400318331 /* Appearance.swift in Sources */ = {isa = PBXBuildFile; fileRef = C243C4312886D25400318331 /* Appearance.swift */; };
		C243C4362886DA8700318331 /* DrinkCell.swift in Sources */ = {isa = PBXBuildFile; fileRef = C243C4352886DA8700318331 /* DrinkCell.swift */; };
		C243C4392886EA7200318331 /* DrinkDetailViewController.swift in Sources */ = {isa = PBXBuildFile; fileRef = C243C4382886EA7200318331 /* DrinkDetailViewController.swift */; };
		C243C43E28874DCA00318331 /* DrinkListViewModel.swift in Sources */ = {isa = PBXBuildFile; fileRef = C243C43D28874DCA00318331 /* DrinkListViewModel.swift */; };
		C243C4402887581700318331 /* DrinkApiService.swift in Sources */ = {isa = PBXBuildFile; fileRef = C243C43F2887581700318331 /* DrinkApiService.swift */; };
		C25CAA6F28882E0400BD51A6 /* Notes.swift in Sources */ = {isa = PBXBuildFile; fileRef = C25CAA6E28882E0400BD51A6 /* Notes.swift */; };
		C25CAA722888591200BD51A6 /* AppCoordinator.swift in Sources */ = {isa = PBXBuildFile; fileRef = C25CAA712888591200BD51A6 /* AppCoordinator.swift */; };
		C25CAA7428886E1600BD51A6 /* SearchDrinkCoordinator.swift in Sources */ = {isa = PBXBuildFile; fileRef = C25CAA7328886E1600BD51A6 /* SearchDrinkCoordinator.swift */; };
		C25CAA762888758900BD51A6 /* DrinkViewModel.swift in Sources */ = {isa = PBXBuildFile; fileRef = C25CAA752888758900BD51A6 /* DrinkViewModel.swift */; };
/* End PBXBuildFile section */

/* Begin PBXFileReference section */
		92408491D5E3141989EE2620 /* Pods-coctailbar.release.xcconfig */ = {isa = PBXFileReference; includeInIndex = 1; lastKnownFileType = text.xcconfig; name = "Pods-coctailbar.release.xcconfig"; path = "Target Support Files/Pods-coctailbar/Pods-coctailbar.release.xcconfig"; sourceTree = "<group>"; };
		9C17EAE6B1DEF433D69C8F7E /* Pods-coctailbar.debug.xcconfig */ = {isa = PBXFileReference; includeInIndex = 1; lastKnownFileType = text.xcconfig; name = "Pods-coctailbar.debug.xcconfig"; path = "Target Support Files/Pods-coctailbar/Pods-coctailbar.debug.xcconfig"; sourceTree = "<group>"; };
		C2274E9C288573C800C6A7C0 /* coctailbar.app */ = {isa = PBXFileReference; explicitFileType = wrapper.application; includeInIndex = 0; path = coctailbar.app; sourceTree = BUILT_PRODUCTS_DIR; };
		C2274E9F288573C800C6A7C0 /* AppDelegate.swift */ = {isa = PBXFileReference; lastKnownFileType = sourcecode.swift; path = AppDelegate.swift; sourceTree = "<group>"; };
		C2274EA1288573C800C6A7C0 /* SceneDelegate.swift */ = {isa = PBXFileReference; lastKnownFileType = sourcecode.swift; path = SceneDelegate.swift; sourceTree = "<group>"; };
		C2274EA3288573C800C6A7C0 /* SearchDrinkViewController.swift */ = {isa = PBXFileReference; lastKnownFileType = sourcecode.swift; path = SearchDrinkViewController.swift; sourceTree = "<group>"; };
		C2274EA6288573C800C6A7C0 /* Base */ = {isa = PBXFileReference; lastKnownFileType = file.storyboard; name = Base; path = Base.lproj/Main.storyboard; sourceTree = "<group>"; };
		C2274EA8288573CA00C6A7C0 /* Assets.xcassets */ = {isa = PBXFileReference; lastKnownFileType = folder.assetcatalog; path = Assets.xcassets; sourceTree = "<group>"; };
		C2274EAB288573CA00C6A7C0 /* Base */ = {isa = PBXFileReference; lastKnownFileType = file.storyboard; name = Base; path = Base.lproj/LaunchScreen.storyboard; sourceTree = "<group>"; };
		C2274EAD288573CA00C6A7C0 /* Info.plist */ = {isa = PBXFileReference; lastKnownFileType = text.plist.xml; path = Info.plist; sourceTree = "<group>"; };
		C243C4272886B50700318331 /* DrinkResponse.swift */ = {isa = PBXFileReference; lastKnownFileType = sourcecode.swift; path = DrinkResponse.swift; sourceTree = "<group>"; };
		C243C42F2886D1D400318331 /* UIViewExtensions.swift */ = {isa = PBXFileReference; lastKnownFileType = sourcecode.swift; path = UIViewExtensions.swift; sourceTree = "<group>"; };
		C243C4312886D25400318331 /* Appearance.swift */ = {isa = PBXFileReference; lastKnownFileType = sourcecode.swift; path = Appearance.swift; sourceTree = "<group>"; };
		C243C4352886DA8700318331 /* DrinkCell.swift */ = {isa = PBXFileReference; lastKnownFileType = sourcecode.swift; path = DrinkCell.swift; sourceTree = "<group>"; };
		C243C4382886EA7200318331 /* DrinkDetailViewController.swift */ = {isa = PBXFileReference; lastKnownFileType = sourcecode.swift; path = DrinkDetailViewController.swift; sourceTree = "<group>"; };
		C243C43D28874DCA00318331 /* DrinkListViewModel.swift */ = {isa = PBXFileReference; lastKnownFileType = sourcecode.swift; path = DrinkListViewModel.swift; sourceTree = "<group>"; };
		C243C43F2887581700318331 /* DrinkApiService.swift */ = {isa = PBXFileReference; lastKnownFileType = sourcecode.swift; path = DrinkApiService.swift; sourceTree = "<group>"; };
		C25CAA6E28882E0400BD51A6 /* Notes.swift */ = {isa = PBXFileReference; lastKnownFileType = sourcecode.swift; path = Notes.swift; sourceTree = "<group>"; };
		C25CAA712888591200BD51A6 /* AppCoordinator.swift */ = {isa = PBXFileReference; lastKnownFileType = sourcecode.swift; path = AppCoordinator.swift; sourceTree = "<group>"; };
		C25CAA7328886E1600BD51A6 /* SearchDrinkCoordinator.swift */ = {isa = PBXFileReference; lastKnownFileType = sourcecode.swift; path = SearchDrinkCoordinator.swift; sourceTree = "<group>"; };
		C25CAA752888758900BD51A6 /* DrinkViewModel.swift */ = {isa = PBXFileReference; lastKnownFileType = sourcecode.swift; path = DrinkViewModel.swift; sourceTree = "<group>"; };
		FCD7D4D27BB5621E42A409A5 /* Pods_coctailbar.framework */ = {isa = PBXFileReference; explicitFileType = wrapper.framework; includeInIndex = 0; path = Pods_coctailbar.framework; sourceTree = BUILT_PRODUCTS_DIR; };
/* End PBXFileReference section */

/* Begin PBXFrameworksBuildPhase section */
		C2274E99288573C800C6A7C0 /* Frameworks */ = {
			isa = PBXFrameworksBuildPhase;
			buildActionMask = 2147483647;
			files = (
				138FEB69958CCEB26FD74F65 /* Pods_coctailbar.framework in Frameworks */,
			);
			runOnlyForDeploymentPostprocessing = 0;
		};
/* End PBXFrameworksBuildPhase section */

/* Begin PBXGroup section */
		25737B0D5611545718EB538D /* Pods */ = {
			isa = PBXGroup;
			children = (
				9C17EAE6B1DEF433D69C8F7E /* Pods-coctailbar.debug.xcconfig */,
				92408491D5E3141989EE2620 /* Pods-coctailbar.release.xcconfig */,
			);
			path = Pods;
			sourceTree = "<group>";
		};
		7132281776C49BC8B3CEA26A /* Frameworks */ = {
			isa = PBXGroup;
			children = (
				FCD7D4D27BB5621E42A409A5 /* Pods_coctailbar.framework */,
			);
			name = Frameworks;
			sourceTree = "<group>";
		};
		C2274E93288573C800C6A7C0 = {
			isa = PBXGroup;
			children = (
				C2274E9E288573C800C6A7C0 /* coctailbar */,
				C2274E9D288573C800C6A7C0 /* Products */,
				25737B0D5611545718EB538D /* Pods */,
				7132281776C49BC8B3CEA26A /* Frameworks */,
			);
			sourceTree = "<group>";
		};
		C2274E9D288573C800C6A7C0 /* Products */ = {
			isa = PBXGroup;
			children = (
				C2274E9C288573C800C6A7C0 /* coctailbar.app */,
			);
			name = Products;
			sourceTree = "<group>";
		};
		C2274E9E288573C800C6A7C0 /* coctailbar */ = {
			isa = PBXGroup;
			children = (
				C25CAA70288856ED00BD51A6 /* Coordinator */,
				C243C4262886AA5E00318331 /* Model */,
				C243C4332886DA1500318331 /* Views */,
				C243C43A28874BF300318331 /* ViewModel */,
				C243C4292886BC7500318331 /* Services */,
				C243C42E2886D1C200318331 /* GlobalHelpers */,
				C2274E9F288573C800C6A7C0 /* AppDelegate.swift */,
				C2274EA1288573C800C6A7C0 /* SceneDelegate.swift */,
				C2274EA5288573C800C6A7C0 /* Main.storyboard */,
				C2274EA8288573CA00C6A7C0 /* Assets.xcassets */,
				C2274EAA288573CA00C6A7C0 /* LaunchScreen.storyboard */,
				C2274EAD288573CA00C6A7C0 /* Info.plist */,
				C25CAA6E28882E0400BD51A6 /* Notes.swift */,
			);
			path = coctailbar;
			sourceTree = "<group>";
		};
		C243C4262886AA5E00318331 /* Model */ = {
			isa = PBXGroup;
			children = (
				C243C4272886B50700318331 /* DrinkResponse.swift */,
			);
			path = Model;
			sourceTree = "<group>";
		};
		C243C4292886BC7500318331 /* Services */ = {
			isa = PBXGroup;
			children = (
				C243C43F2887581700318331 /* DrinkApiService.swift */,
			);
			path = Services;
			sourceTree = "<group>";
		};
		C243C42E2886D1C200318331 /* GlobalHelpers */ = {
			isa = PBXGroup;
			children = (
				C243C42F2886D1D400318331 /* UIViewExtensions.swift */,
				C243C4312886D25400318331 /* Appearance.swift */,
			);
			path = GlobalHelpers;
			sourceTree = "<group>";
		};
		C243C4332886DA1500318331 /* Views */ = {
			isa = PBXGroup;
			children = (
				C243C4342886DA2000318331 /* SearchDrinkView */,
				C243C4372886EA2B00318331 /* DrinkDetailView */,
			);
			path = Views;
			sourceTree = "<group>";
		};
		C243C4342886DA2000318331 /* SearchDrinkView */ = {
			isa = PBXGroup;
			children = (
				C2274EA3288573C800C6A7C0 /* SearchDrinkViewController.swift */,
				C243C4352886DA8700318331 /* DrinkCell.swift */,
			);
			path = SearchDrinkView;
			sourceTree = "<group>";
		};
		C243C4372886EA2B00318331 /* DrinkDetailView */ = {
			isa = PBXGroup;
			children = (
				C243C4382886EA7200318331 /* DrinkDetailViewController.swift */,
			);
			path = DrinkDetailView;
			sourceTree = "<group>";
		};
		C243C43A28874BF300318331 /* ViewModel */ = {
			isa = PBXGroup;
			children = (
				C25CAA752888758900BD51A6 /* DrinkViewModel.swift */,
				C243C43D28874DCA00318331 /* DrinkListViewModel.swift */,
			);
			path = ViewModel;
			sourceTree = "<group>";
		};
		C25CAA70288856ED00BD51A6 /* Coordinator */ = {
			isa = PBXGroup;
			children = (
				C25CAA712888591200BD51A6 /* AppCoordinator.swift */,
				C25CAA7328886E1600BD51A6 /* SearchDrinkCoordinator.swift */,
			);
			path = Coordinator;
			sourceTree = "<group>";
		};
/* End PBXGroup section */

/* Begin PBXNativeTarget section */
		C2274E9B288573C800C6A7C0 /* coctailbar */ = {
			isa = PBXNativeTarget;
			buildConfigurationList = C2274EB0288573CA00C6A7C0 /* Build configuration list for PBXNativeTarget "coctailbar" */;
			buildPhases = (
				C1C6A7F7494254D7380710CA /* [CP] Check Pods Manifest.lock */,
				C2274E98288573C800C6A7C0 /* Sources */,
				C2274E99288573C800C6A7C0 /* Frameworks */,
				C2274E9A288573C800C6A7C0 /* Resources */,
				8860D6F8C1835F3C3F387727 /* [CP] Embed Pods Frameworks */,
			);
			buildRules = (
			);
			dependencies = (
			);
			name = coctailbar;
			productName = coctailbar;
			productReference = C2274E9C288573C800C6A7C0 /* coctailbar.app */;
			productType = "com.apple.product-type.application";
		};
/* End PBXNativeTarget section */

/* Begin PBXProject section */
		C2274E94288573C800C6A7C0 /* Project object */ = {
			isa = PBXProject;
			attributes = {
				BuildIndependentTargetsInParallel = 1;
				LastSwiftUpdateCheck = 1340;
				LastUpgradeCheck = 1340;
				TargetAttributes = {
					C2274E9B288573C800C6A7C0 = {
						CreatedOnToolsVersion = 13.4.1;
					};
				};
			};
			buildConfigurationList = C2274E97288573C800C6A7C0 /* Build configuration list for PBXProject "coctailbar" */;
			compatibilityVersion = "Xcode 13.0";
			developmentRegion = en;
			hasScannedForEncodings = 0;
			knownRegions = (
				en,
				Base,
			);
			mainGroup = C2274E93288573C800C6A7C0;
			productRefGroup = C2274E9D288573C800C6A7C0 /* Products */;
			projectDirPath = "";
			projectRoot = "";
			targets = (
				C2274E9B288573C800C6A7C0 /* coctailbar */,
			);
		};
/* End PBXProject section */

/* Begin PBXResourcesBuildPhase section */
		C2274E9A288573C800C6A7C0 /* Resources */ = {
			isa = PBXResourcesBuildPhase;
			buildActionMask = 2147483647;
			files = (
				C2274EAC288573CA00C6A7C0 /* LaunchScreen.storyboard in Resources */,
				C2274EA9288573CA00C6A7C0 /* Assets.xcassets in Resources */,
				C2274EA7288573C800C6A7C0 /* Main.storyboard in Resources */,
			);
			runOnlyForDeploymentPostprocessing = 0;
		};
/* End PBXResourcesBuildPhase section */

/* Begin PBXShellScriptBuildPhase section */
		8860D6F8C1835F3C3F387727 /* [CP] Embed Pods Frameworks */ = {
			isa = PBXShellScriptBuildPhase;
			buildActionMask = 2147483647;
			files = (
			);
			inputFileListPaths = (
				"${PODS_ROOT}/Target Support Files/Pods-coctailbar/Pods-coctailbar-frameworks-${CONFIGURATION}-input-files.xcfilelist",
			);
			name = "[CP] Embed Pods Frameworks";
			outputFileListPaths = (
				"${PODS_ROOT}/Target Support Files/Pods-coctailbar/Pods-coctailbar-frameworks-${CONFIGURATION}-output-files.xcfilelist",
			);
			runOnlyForDeploymentPostprocessing = 0;
			shellPath = /bin/sh;
			shellScript = "\"${PODS_ROOT}/Target Support Files/Pods-coctailbar/Pods-coctailbar-frameworks.sh\"\n";
			showEnvVarsInLog = 0;
		};
		C1C6A7F7494254D7380710CA /* [CP] Check Pods Manifest.lock */ = {
			isa = PBXShellScriptBuildPhase;
			buildActionMask = 2147483647;
			files = (
			);
			inputFileListPaths = (
			);
			inputPaths = (
				"${PODS_PODFILE_DIR_PATH}/Podfile.lock",
				"${PODS_ROOT}/Manifest.lock",
			);
			name = "[CP] Check Pods Manifest.lock";
			outputFileListPaths = (
			);
			outputPaths = (
				"$(DERIVED_FILE_DIR)/Pods-coctailbar-checkManifestLockResult.txt",
			);
			runOnlyForDeploymentPostprocessing = 0;
			shellPath = /bin/sh;
			shellScript = "diff \"${PODS_PODFILE_DIR_PATH}/Podfile.lock\" \"${PODS_ROOT}/Manifest.lock\" > /dev/null\nif [ $? != 0 ] ; then\n    # print error to STDERR\n    echo \"error: The sandbox is not in sync with the Podfile.lock. Run 'pod install' or update your CocoaPods installation.\" >&2\n    exit 1\nfi\n# This output is used by Xcode 'outputs' to avoid re-running this script phase.\necho \"SUCCESS\" > \"${SCRIPT_OUTPUT_FILE_0}\"\n";
			showEnvVarsInLog = 0;
		};
/* End PBXShellScriptBuildPhase section */

/* Begin PBXSourcesBuildPhase section */
		C2274E98288573C800C6A7C0 /* Sources */ = {
			isa = PBXSourcesBuildPhase;
			buildActionMask = 2147483647;
			files = (
				C25CAA722888591200BD51A6 /* AppCoordinator.swift in Sources */,
				C243C4282886B50700318331 /* DrinkResponse.swift in Sources */,
				C243C4402887581700318331 /* DrinkApiService.swift in Sources */,
				C2274EA4288573C800C6A7C0 /* SearchDrinkViewController.swift in Sources */,
				C243C4362886DA8700318331 /* DrinkCell.swift in Sources */,
				C25CAA762888758900BD51A6 /* DrinkViewModel.swift in Sources */,
				C25CAA6F28882E0400BD51A6 /* Notes.swift in Sources */,
				C243C43E28874DCA00318331 /* DrinkListViewModel.swift in Sources */,
				C2274EA0288573C800C6A7C0 /* AppDelegate.swift in Sources */,
				C243C4322886D25400318331 /* Appearance.swift in Sources */,
				C25CAA7428886E1600BD51A6 /* SearchDrinkCoordinator.swift in Sources */,
				C243C4302886D1D400318331 /* UIViewExtensions.swift in Sources */,
				C2274EA2288573C800C6A7C0 /* SceneDelegate.swift in Sources */,
				C243C4392886EA7200318331 /* DrinkDetailViewController.swift in Sources */,
			);
			runOnlyForDeploymentPostprocessing = 0;
		};
/* End PBXSourcesBuildPhase section */

/* Begin PBXVariantGroup section */
		C2274EA5288573C800C6A7C0 /* Main.storyboard */ = {
			isa = PBXVariantGroup;
			children = (
				C2274EA6288573C800C6A7C0 /* Base */,
			);
			name = Main.storyboard;
			sourceTree = "<group>";
		};
		C2274EAA288573CA00C6A7C0 /* LaunchScreen.storyboard */ = {
			isa = PBXVariantGroup;
			children = (
				C2274EAB288573CA00C6A7C0 /* Base */,
			);
			name = LaunchScreen.storyboard;
			sourceTree = "<group>";
		};
/* End PBXVariantGroup section */

/* Begin XCBuildConfiguration section */
		C2274EAE288573CA00C6A7C0 /* Debug */ = {
			isa = XCBuildConfiguration;
			buildSettings = {
				ALWAYS_SEARCH_USER_PATHS = NO;
				CLANG_ANALYZER_NONNULL = YES;
				CLANG_ANALYZER_NUMBER_OBJECT_CONVERSION = YES_AGGRESSIVE;
				CLANG_CXX_LANGUAGE_STANDARD = "gnu++17";
				CLANG_ENABLE_MODULES = YES;
				CLANG_ENABLE_OBJC_ARC = YES;
				CLANG_ENABLE_OBJC_WEAK = YES;
				CLANG_WARN_BLOCK_CAPTURE_AUTORELEASING = YES;
				CLANG_WARN_BOOL_CONVERSION = YES;
				CLANG_WARN_COMMA = YES;
				CLANG_WARN_CONSTANT_CONVERSION = YES;
				CLANG_WARN_DEPRECATED_OBJC_IMPLEMENTATIONS = YES;
				CLANG_WARN_DIRECT_OBJC_ISA_USAGE = YES_ERROR;
				CLANG_WARN_DOCUMENTATION_COMMENTS = YES;
				CLANG_WARN_EMPTY_BODY = YES;
				CLANG_WARN_ENUM_CONVERSION = YES;
				CLANG_WARN_INFINITE_RECURSION = YES;
				CLANG_WARN_INT_CONVERSION = YES;
				CLANG_WARN_NON_LITERAL_NULL_CONVERSION = YES;
				CLANG_WARN_OBJC_IMPLICIT_RETAIN_SELF = YES;
				CLANG_WARN_OBJC_LITERAL_CONVERSION = YES;
				CLANG_WARN_OBJC_ROOT_CLASS = YES_ERROR;
				CLANG_WARN_QUOTED_INCLUDE_IN_FRAMEWORK_HEADER = YES;
				CLANG_WARN_RANGE_LOOP_ANALYSIS = YES;
				CLANG_WARN_STRICT_PROTOTYPES = YES;
				CLANG_WARN_SUSPICIOUS_MOVE = YES;
				CLANG_WARN_UNGUARDED_AVAILABILITY = YES_AGGRESSIVE;
				CLANG_WARN_UNREACHABLE_CODE = YES;
				CLANG_WARN__DUPLICATE_METHOD_MATCH = YES;
				COPY_PHASE_STRIP = NO;
				DEBUG_INFORMATION_FORMAT = dwarf;
				ENABLE_STRICT_OBJC_MSGSEND = YES;
				ENABLE_TESTABILITY = YES;
				GCC_C_LANGUAGE_STANDARD = gnu11;
				GCC_DYNAMIC_NO_PIC = NO;
				GCC_NO_COMMON_BLOCKS = YES;
				GCC_OPTIMIZATION_LEVEL = 0;
				GCC_PREPROCESSOR_DEFINITIONS = (
					"DEBUG=1",
					"$(inherited)",
				);
				GCC_WARN_64_TO_32_BIT_CONVERSION = YES;
				GCC_WARN_ABOUT_RETURN_TYPE = YES_ERROR;
				GCC_WARN_UNDECLARED_SELECTOR = YES;
				GCC_WARN_UNINITIALIZED_AUTOS = YES_AGGRESSIVE;
				GCC_WARN_UNUSED_FUNCTION = YES;
				GCC_WARN_UNUSED_VARIABLE = YES;
				IPHONEOS_DEPLOYMENT_TARGET = 11.0;
				MTL_ENABLE_DEBUG_INFO = INCLUDE_SOURCE;
				MTL_FAST_MATH = YES;
				ONLY_ACTIVE_ARCH = YES;
				SDKROOT = iphoneos;
				SWIFT_ACTIVE_COMPILATION_CONDITIONS = DEBUG;
				SWIFT_OPTIMIZATION_LEVEL = "-Onone";
			};
			name = Debug;
		};
		C2274EAF288573CA00C6A7C0 /* Release */ = {
			isa = XCBuildConfiguration;
			buildSettings = {
				ALWAYS_SEARCH_USER_PATHS = NO;
				CLANG_ANALYZER_NONNULL = YES;
				CLANG_ANALYZER_NUMBER_OBJECT_CONVERSION = YES_AGGRESSIVE;
				CLANG_CXX_LANGUAGE_STANDARD = "gnu++17";
				CLANG_ENABLE_MODULES = YES;
				CLANG_ENABLE_OBJC_ARC = YES;
				CLANG_ENABLE_OBJC_WEAK = YES;
				CLANG_WARN_BLOCK_CAPTURE_AUTORELEASING = YES;
				CLANG_WARN_BOOL_CONVERSION = YES;
				CLANG_WARN_COMMA = YES;
				CLANG_WARN_CONSTANT_CONVERSION = YES;
				CLANG_WARN_DEPRECATED_OBJC_IMPLEMENTATIONS = YES;
				CLANG_WARN_DIRECT_OBJC_ISA_USAGE = YES_ERROR;
				CLANG_WARN_DOCUMENTATION_COMMENTS = YES;
				CLANG_WARN_EMPTY_BODY = YES;
				CLANG_WARN_ENUM_CONVERSION = YES;
				CLANG_WARN_INFINITE_RECURSION = YES;
				CLANG_WARN_INT_CONVERSION = YES;
				CLANG_WARN_NON_LITERAL_NULL_CONVERSION = YES;
				CLANG_WARN_OBJC_IMPLICIT_RETAIN_SELF = YES;
				CLANG_WARN_OBJC_LITERAL_CONVERSION = YES;
				CLANG_WARN_OBJC_ROOT_CLASS = YES_ERROR;
				CLANG_WARN_QUOTED_INCLUDE_IN_FRAMEWORK_HEADER = YES;
				CLANG_WARN_RANGE_LOOP_ANALYSIS = YES;
				CLANG_WARN_STRICT_PROTOTYPES = YES;
				CLANG_WARN_SUSPICIOUS_MOVE = YES;
				CLANG_WARN_UNGUARDED_AVAILABILITY = YES_AGGRESSIVE;
				CLANG_WARN_UNREACHABLE_CODE = YES;
				CLANG_WARN__DUPLICATE_METHOD_MATCH = YES;
				COPY_PHASE_STRIP = NO;
				DEBUG_INFORMATION_FORMAT = "dwarf-with-dsym";
				ENABLE_NS_ASSERTIONS = NO;
				ENABLE_STRICT_OBJC_MSGSEND = YES;
				GCC_C_LANGUAGE_STANDARD = gnu11;
				GCC_NO_COMMON_BLOCKS = YES;
				GCC_WARN_64_TO_32_BIT_CONVERSION = YES;
				GCC_WARN_ABOUT_RETURN_TYPE = YES_ERROR;
				GCC_WARN_UNDECLARED_SELECTOR = YES;
				GCC_WARN_UNINITIALIZED_AUTOS = YES_AGGRESSIVE;
				GCC_WARN_UNUSED_FUNCTION = YES;
				GCC_WARN_UNUSED_VARIABLE = YES;
				IPHONEOS_DEPLOYMENT_TARGET = 11.0;
				MTL_ENABLE_DEBUG_INFO = NO;
				MTL_FAST_MATH = YES;
				SDKROOT = iphoneos;
				SWIFT_COMPILATION_MODE = wholemodule;
				SWIFT_OPTIMIZATION_LEVEL = "-O";
				VALIDATE_PRODUCT = YES;
			};
			name = Release;
		};
		C2274EB1288573CA00C6A7C0 /* Debug */ = {
			isa = XCBuildConfiguration;
			baseConfigurationReference = 9C17EAE6B1DEF433D69C8F7E /* Pods-coctailbar.debug.xcconfig */;
			buildSettings = {
				ASSETCATALOG_COMPILER_APPICON_NAME = AppIcon;
				ASSETCATALOG_COMPILER_GLOBAL_ACCENT_COLOR_NAME = AccentColor;
				CODE_SIGN_STYLE = Automatic;
				CURRENT_PROJECT_VERSION = 1;
				DEVELOPMENT_TEAM = 776562F654;
				GENERATE_INFOPLIST_FILE = YES;
				INFOPLIST_FILE = coctailbar/Info.plist;
				INFOPLIST_KEY_UIApplicationSupportsIndirectInputEvents = YES;
				INFOPLIST_KEY_UILaunchStoryboardName = LaunchScreen;
				INFOPLIST_KEY_UISupportedInterfaceOrientations_iPad = "UIInterfaceOrientationPortrait UIInterfaceOrientationPortraitUpsideDown UIInterfaceOrientationLandscapeLeft UIInterfaceOrientationLandscapeRight";
				INFOPLIST_KEY_UISupportedInterfaceOrientations_iPhone = "UIInterfaceOrientationPortrait UIInterfaceOrientationLandscapeLeft UIInterfaceOrientationLandscapeRight";
				LD_RUNPATH_SEARCH_PATHS = (
					"$(inherited)",
					"@executable_path/Frameworks",
				);
				MARKETING_VERSION = 1.0;
				PRODUCT_BUNDLE_IDENTIFIER = com.tamborski.coctailbar;
				PRODUCT_NAME = "$(TARGET_NAME)";
				SWIFT_EMIT_LOC_STRINGS = YES;
				SWIFT_VERSION = 5.0;
				TARGETED_DEVICE_FAMILY = 1;
			};
			name = Debug;
		};
		C2274EB2288573CA00C6A7C0 /* Release */ = {
			isa = XCBuildConfiguration;
			baseConfigurationReference = 92408491D5E3141989EE2620 /* Pods-coctailbar.release.xcconfig */;
			buildSettings = {
				ASSETCATALOG_COMPILER_APPICON_NAME = AppIcon;
				ASSETCATALOG_COMPILER_GLOBAL_ACCENT_COLOR_NAME = AccentColor;
				CODE_SIGN_STYLE = Automatic;
				CURRENT_PROJECT_VERSION = 1;
				DEVELOPMENT_TEAM = 776562F654;
				GENERATE_INFOPLIST_FILE = YES;
				INFOPLIST_FILE = coctailbar/Info.plist;
				INFOPLIST_KEY_UIApplicationSupportsIndirectInputEvents = YES;
				INFOPLIST_KEY_UILaunchStoryboardName = LaunchScreen;
				INFOPLIST_KEY_UISupportedInterfaceOrientations_iPad = "UIInterfaceOrientationPortrait UIInterfaceOrientationPortraitUpsideDown UIInterfaceOrientationLandscapeLeft UIInterfaceOrientationLandscapeRight";
				INFOPLIST_KEY_UISupportedInterfaceOrientations_iPhone = "UIInterfaceOrientationPortrait UIInterfaceOrientationLandscapeLeft UIInterfaceOrientationLandscapeRight";
				LD_RUNPATH_SEARCH_PATHS = (
					"$(inherited)",
					"@executable_path/Frameworks",
				);
				MARKETING_VERSION = 1.0;
				PRODUCT_BUNDLE_IDENTIFIER = com.tamborski.coctailbar;
				PRODUCT_NAME = "$(TARGET_NAME)";
				SWIFT_EMIT_LOC_STRINGS = YES;
				SWIFT_VERSION = 5.0;
				TARGETED_DEVICE_FAMILY = 1;
			};
			name = Release;
		};
/* End XCBuildConfiguration section */

/* Begin XCConfigurationList section */
		C2274E97288573C800C6A7C0 /* Build configuration list for PBXProject "coctailbar" */ = {
			isa = XCConfigurationList;
			buildConfigurations = (
				C2274EAE288573CA00C6A7C0 /* Debug */,
				C2274EAF288573CA00C6A7C0 /* Release */,
			);
			defaultConfigurationIsVisible = 0;
			defaultConfigurationName = Release;
		};
		C2274EB0288573CA00C6A7C0 /* Build configuration list for PBXNativeTarget "coctailbar" */ = {
			isa = XCConfigurationList;
			buildConfigurations = (
				C2274EB1288573CA00C6A7C0 /* Debug */,
				C2274EB2288573CA00C6A7C0 /* Release */,
			);
			defaultConfigurationIsVisible = 0;
			defaultConfigurationName = Release;
		};
/* End XCConfigurationList section */
	};
	rootObject = C2274E94288573C800C6A7C0 /* Project object */;
}
